
Microsoft Visual Studio Solution File, Format Version 12.00
# Visual Studio Version 17
VisualStudioVersion = 17.8.34330.188
MinimumVisualStudioVersion = 10.0.40219.1
Project("{FAE04EC0-301F-11D3-BF4B-00C04F79EFBC}") = "ImageColorsParse", "ImageColorsParse\ImageColorsParse.csproj", "{D70E4494-90D0-43BE-ACC6-011ECFA1CCE9}"
EndProject
Project("{2150E333-8FDC-42A3-9474-1A3956D46DE8}") = "Images", "Images", "{24A36A3D-0E85-476B-86D2-D22C8E9FE5B3}"
	ProjectSection(SolutionItems) = preProject
		C:\Users\Roman\Desktop\photo_2024-02-19_15-40-03.jpg = C:\Users\Roman\Desktop\photo_2024-02-19_15-40-03.jpg
		C:\Users\Roman\Desktop\photo_2024-02-21_09-53-16.jpg = C:\Users\Roman\Desktop\photo_2024-02-21_09-53-16.jpg
		C:\Users\Roman\Desktop\SM1 (1).jpg = C:\Users\Roman\Desktop\SM1 (1).jpg
		C:\Users\Roman\Desktop\Upscales.ai_1708181879689.jpg = C:\Users\Roman\Desktop\Upscales.ai_1708181879689.jpg
	EndProjectSection
EndProject
Global
	GlobalSection(SolutionConfigurationPlatforms) = preSolution
		Debug|Any CPU = Debug|Any CPU
		Release|Any CPU = Release|Any CPU
	EndGlobalSection
	GlobalSection(ProjectConfigurationPlatforms) = postSolution
		{D70E4494-90D0-43BE-ACC6-011ECFA1CCE9}.Debug|Any CPU.ActiveCfg = Debug|Any CPU
		{D70E4494-90D0-43BE-ACC6-011ECFA1CCE9}.Debug|Any CPU.Build.0 = Debug|Any CPU
		{D70E4494-90D0-43BE-ACC6-011ECFA1CCE9}.Release|Any CPU.ActiveCfg = Release|Any CPU
		{D70E4494-90D0-43BE-ACC6-011ECFA1CCE9}.Release|Any CPU.Build.0 = Release|Any CPU
	EndGlobalSection
	GlobalSection(SolutionProperties) = preSolution
		HideSolutionNode = FALSE
	EndGlobalSection
	GlobalSection(ExtensibilityGlobals) = postSolution
		SolutionGuid = {F5315233-B26A-4142-AA47-37750AE999CF}
	EndGlobalSection
EndGlobal
